
Microsoft Visual Studio Solution File, Format Version 12.00
# Visual Studio Version 16
VisualStudioVersion = 16.0.32929.386
MinimumVisualStudioVersion = 10.0.40219.1
Project("{8BC9CEB8-8B4A-11D0-8D11-00A0C91BC942}") = "RIFFA_Project", "RIFFA_Project.vcxproj", "{ECCAB587-48FA-4A96-99F2-0A37E0AC8AE0}"
EndProject
Global
	GlobalSection(SolutionConfigurationPlatforms) = preSolution
		Debug|x64 = Debug|x64
		Debug|x86 = Debug|x86
		Release|x64 = Release|x64
		Release|x86 = Release|x86
	EndGlobalSection
	GlobalSection(ProjectConfigurationPlatforms) = postSolution
		{ECCAB587-48FA-4A96-99F2-0A37E0AC8AE0}.Debug|x64.ActiveCfg = Debug|x64
		{ECCAB587-48FA-4A96-99F2-0A37E0AC8AE0}.Debug|x64.Build.0 = Debug|x64
		{ECCAB587-48FA-4A96-99F2-0A37E0AC8AE0}.Debug|x86.ActiveCfg = Debug|Win32
		{ECCAB587-48FA-4A96-99F2-0A37E0AC8AE0}.Debug|x86.Build.0 = Debug|Win32
		{ECCAB587-48FA-4A96-99F2-0A37E0AC8AE0}.Release|x64.ActiveCfg = Release|x64
		{ECCAB587-48FA-4A96-99F2-0A37E0AC8AE0}.Release|x64.Build.0 = Release|x64
		{ECCAB587-48FA-4A96-99F2-0A37E0AC8AE0}.Release|x86.ActiveCfg = Release|Win32
		{ECCAB587-48FA-4A96-99F2-0A37E0AC8AE0}.Release|x86.Build.0 = Release|Win32
	EndGlobalSection
	GlobalSection(SolutionProperties) = preSolution
		HideSolutionNode = FALSE
	EndGlobalSection
	GlobalSection(ExtensibilityGlobals) = postSolution
		SolutionGuid = {D9FF338A-3764-4104-9261-FE56126438F1}
	EndGlobalSection
EndGlobal
